
Microsoft Visual Studio Solution File, Format Version 12.00
# Visual Studio 15
VisualStudioVersion = 15.0.28010.2026
MinimumVisualStudioVersion = 10.0.40219.1
Project("{FAE04EC0-301F-11D3-BF4B-00C04F79EFBC}") = "summa", "ConsoleApp2\summa.csproj", "{71FB9663-83A4-4A90-9334-58A6A845C9F0}"
EndProject
Project("{FAE04EC0-301F-11D3-BF4B-00C04F79EFBC}") = "area of a circle", "ConsoleApp1\area of a circle.csproj", "{BFB69174-68E9-442A-90EE-C76FB327742A}"
EndProject
Project("{FAE04EC0-301F-11D3-BF4B-00C04F79EFBC}") = "credit", "ConsoleApp3\credit.csproj", "{DBAF908F-D8A8-4425-8C0B-FB0A889BB417}"
EndProject
Project("{2150E333-8FDC-42A3-9474-1A3956D46DE8}") = "Lesson4", "Lesson4", "{2EDDD107-B593-45E5-9B06-D9E60CD85789}"
EndProject
Project("{FAE04EC0-301F-11D3-BF4B-00C04F79EFBC}") = "Practice", "Practice\Practice.csproj", "{EF29CACE-B268-4458-AC67-F6A32B1AB046}"
EndProject
Project("{2150E333-8FDC-42A3-9474-1A3956D46DE8}") = "lesson5", "lesson5", "{1E472E23-67D7-466A-B62D-F452067B2155}"
EndProject
Project("{FAE04EC0-301F-11D3-BF4B-00C04F79EFBC}") = "practice1", "practice1\practice1.csproj", "{0EA50ADD-360B-47FE-A43F-42302CA75E15}"
EndProject
Global
	GlobalSection(SolutionConfigurationPlatforms) = preSolution
		Debug|Any CPU = Debug|Any CPU
		Release|Any CPU = Release|Any CPU
	EndGlobalSection
	GlobalSection(ProjectConfigurationPlatforms) = postSolution
		{71FB9663-83A4-4A90-9334-58A6A845C9F0}.Debug|Any CPU.ActiveCfg = Debug|Any CPU
		{71FB9663-83A4-4A90-9334-58A6A845C9F0}.Debug|Any CPU.Build.0 = Debug|Any CPU
		{71FB9663-83A4-4A90-9334-58A6A845C9F0}.Release|Any CPU.ActiveCfg = Release|Any CPU
		{71FB9663-83A4-4A90-9334-58A6A845C9F0}.Release|Any CPU.Build.0 = Release|Any CPU
		{BFB69174-68E9-442A-90EE-C76FB327742A}.Debug|Any CPU.ActiveCfg = Debug|Any CPU
		{BFB69174-68E9-442A-90EE-C76FB327742A}.Debug|Any CPU.Build.0 = Debug|Any CPU
		{BFB69174-68E9-442A-90EE-C76FB327742A}.Release|Any CPU.ActiveCfg = Release|Any CPU
		{BFB69174-68E9-442A-90EE-C76FB327742A}.Release|Any CPU.Build.0 = Release|Any CPU
		{DBAF908F-D8A8-4425-8C0B-FB0A889BB417}.Debug|Any CPU.ActiveCfg = Debug|Any CPU
		{DBAF908F-D8A8-4425-8C0B-FB0A889BB417}.Debug|Any CPU.Build.0 = Debug|Any CPU
		{DBAF908F-D8A8-4425-8C0B-FB0A889BB417}.Release|Any CPU.ActiveCfg = Release|Any CPU
		{DBAF908F-D8A8-4425-8C0B-FB0A889BB417}.Release|Any CPU.Build.0 = Release|Any CPU
		{EF29CACE-B268-4458-AC67-F6A32B1AB046}.Debug|Any CPU.ActiveCfg = Debug|Any CPU
		{EF29CACE-B268-4458-AC67-F6A32B1AB046}.Debug|Any CPU.Build.0 = Debug|Any CPU
		{EF29CACE-B268-4458-AC67-F6A32B1AB046}.Release|Any CPU.ActiveCfg = Release|Any CPU
		{EF29CACE-B268-4458-AC67-F6A32B1AB046}.Release|Any CPU.Build.0 = Release|Any CPU
		{0EA50ADD-360B-47FE-A43F-42302CA75E15}.Debug|Any CPU.ActiveCfg = Debug|Any CPU
		{0EA50ADD-360B-47FE-A43F-42302CA75E15}.Debug|Any CPU.Build.0 = Debug|Any CPU
		{0EA50ADD-360B-47FE-A43F-42302CA75E15}.Release|Any CPU.ActiveCfg = Release|Any CPU
		{0EA50ADD-360B-47FE-A43F-42302CA75E15}.Release|Any CPU.Build.0 = Release|Any CPU
	EndGlobalSection
	GlobalSection(SolutionProperties) = preSolution
		HideSolutionNode = FALSE
	EndGlobalSection
	GlobalSection(NestedProjects) = preSolution
		{EF29CACE-B268-4458-AC67-F6A32B1AB046} = {2EDDD107-B593-45E5-9B06-D9E60CD85789}
		{0EA50ADD-360B-47FE-A43F-42302CA75E15} = {1E472E23-67D7-466A-B62D-F452067B2155}
	EndGlobalSection
	GlobalSection(ExtensibilityGlobals) = postSolution
		SolutionGuid = {0E892D31-22FF-4F24-B93E-EFC8CE39CEE4}
	EndGlobalSection
EndGlobal
